
Microsoft Visual Studio Solution File, Format Version 12.00
# Visual Studio Version 16
VisualStudioVersion = 16.0.31112.23
MinimumVisualStudioVersion = 10.0.40219.1
Project("{FAE04EC0-301F-11D3-BF4B-00C04F79EFBC}") = "week0", "UserMaintance\week0.csproj", "{D82D0D07-1763-4D6C-A4EB-48DD91401D3B}"
EndProject
Project("{FAE04EC0-301F-11D3-BF4B-00C04F79EFBC}") = "week04", "4het\week04.csproj", "{348861F3-D91F-4D7F-A58D-56B8224EFC8C}"
EndProject
Project("{FAE04EC0-301F-11D3-BF4B-00C04F79EFBC}") = "week05", "week05\week05.csproj", "{B370F06F-C31D-4BF5-A789-E2E21AC68C53}"
EndProject
Project("{FAE04EC0-301F-11D3-BF4B-00C04F79EFBC}") = "week06", "week06\week06.csproj", "{61CB3529-0549-4BA4-BBCD-CAA24AE01794}"
EndProject
Project("{FAE04EC0-301F-11D3-BF4B-00C04F79EFBC}") = "week07", "week08\week07.csproj", "{A3A395A6-610C-461D-8AE4-ECCFEFF335B9}"
EndProject
Project("{FAE04EC0-301F-11D3-BF4B-00C04F79EFBC}") = "UnitTestExemple.Test", "UnitTestExemple.Test\UnitTestExemple.Test.csproj", "{9C77494A-6482-4289-A5FC-B63C93E4D28D}"
EndProject
Global
	GlobalSection(SolutionConfigurationPlatforms) = preSolution
		Debug|Any CPU = Debug|Any CPU
		Release|Any CPU = Release|Any CPU
	EndGlobalSection
	GlobalSection(ProjectConfigurationPlatforms) = postSolution
		{D82D0D07-1763-4D6C-A4EB-48DD91401D3B}.Debug|Any CPU.ActiveCfg = Debug|Any CPU
		{D82D0D07-1763-4D6C-A4EB-48DD91401D3B}.Debug|Any CPU.Build.0 = Debug|Any CPU
		{D82D0D07-1763-4D6C-A4EB-48DD91401D3B}.Release|Any CPU.ActiveCfg = Release|Any CPU
		{D82D0D07-1763-4D6C-A4EB-48DD91401D3B}.Release|Any CPU.Build.0 = Release|Any CPU
		{348861F3-D91F-4D7F-A58D-56B8224EFC8C}.Debug|Any CPU.ActiveCfg = Debug|Any CPU
		{348861F3-D91F-4D7F-A58D-56B8224EFC8C}.Debug|Any CPU.Build.0 = Debug|Any CPU
		{348861F3-D91F-4D7F-A58D-56B8224EFC8C}.Release|Any CPU.ActiveCfg = Release|Any CPU
		{348861F3-D91F-4D7F-A58D-56B8224EFC8C}.Release|Any CPU.Build.0 = Release|Any CPU
		{B370F06F-C31D-4BF5-A789-E2E21AC68C53}.Debug|Any CPU.ActiveCfg = Debug|Any CPU
		{B370F06F-C31D-4BF5-A789-E2E21AC68C53}.Debug|Any CPU.Build.0 = Debug|Any CPU
		{B370F06F-C31D-4BF5-A789-E2E21AC68C53}.Release|Any CPU.ActiveCfg = Release|Any CPU
		{B370F06F-C31D-4BF5-A789-E2E21AC68C53}.Release|Any CPU.Build.0 = Release|Any CPU
		{61CB3529-0549-4BA4-BBCD-CAA24AE01794}.Debug|Any CPU.ActiveCfg = Debug|Any CPU
		{61CB3529-0549-4BA4-BBCD-CAA24AE01794}.Debug|Any CPU.Build.0 = Debug|Any CPU
		{61CB3529-0549-4BA4-BBCD-CAA24AE01794}.Release|Any CPU.ActiveCfg = Release|Any CPU
		{61CB3529-0549-4BA4-BBCD-CAA24AE01794}.Release|Any CPU.Build.0 = Release|Any CPU
		{A3A395A6-610C-461D-8AE4-ECCFEFF335B9}.Debug|Any CPU.ActiveCfg = Debug|Any CPU
		{A3A395A6-610C-461D-8AE4-ECCFEFF335B9}.Debug|Any CPU.Build.0 = Debug|Any CPU
		{A3A395A6-610C-461D-8AE4-ECCFEFF335B9}.Release|Any CPU.ActiveCfg = Release|Any CPU
		{A3A395A6-610C-461D-8AE4-ECCFEFF335B9}.Release|Any CPU.Build.0 = Release|Any CPU
		{9C77494A-6482-4289-A5FC-B63C93E4D28D}.Debug|Any CPU.ActiveCfg = Debug|Any CPU
		{9C77494A-6482-4289-A5FC-B63C93E4D28D}.Debug|Any CPU.Build.0 = Debug|Any CPU
		{9C77494A-6482-4289-A5FC-B63C93E4D28D}.Release|Any CPU.ActiveCfg = Release|Any CPU
		{9C77494A-6482-4289-A5FC-B63C93E4D28D}.Release|Any CPU.Build.0 = Release|Any CPU
	EndGlobalSection
	GlobalSection(SolutionProperties) = preSolution
		HideSolutionNode = FALSE
	EndGlobalSection
	GlobalSection(ExtensibilityGlobals) = postSolution
		SolutionGuid = {FCCFA141-511F-43C7-98CE-F2870E051C9F}
	EndGlobalSection
EndGlobal
