
Microsoft Visual Studio Solution File, Format Version 12.00
# Visual Studio Version 16
VisualStudioVersion = 16.0.31112.23
MinimumVisualStudioVersion = 10.0.40219.1
Project("{FAE04EC0-301F-11D3-BF4B-00C04F79EFBC}") = "UserMaintance", "UserMaintance\UserMaintance.csproj", "{D82D0D07-1763-4D6C-A4EB-48DD91401D3B}"
EndProject
Project("{FAE04EC0-301F-11D3-BF4B-00C04F79EFBC}") = "4het", "4het\4het.csproj", "{348861F3-D91F-4D7F-A58D-56B8224EFC8C}"
EndProject
Project("{FAE04EC0-301F-11D3-BF4B-00C04F79EFBC}") = "week05", "week05\week05.csproj", "{B370F06F-C31D-4BF5-A789-E2E21AC68C53}"
EndProject
Global
	GlobalSection(SolutionConfigurationPlatforms) = preSolution
		Debug|Any CPU = Debug|Any CPU
		Release|Any CPU = Release|Any CPU
	EndGlobalSection
	GlobalSection(ProjectConfigurationPlatforms) = postSolution
		{D82D0D07-1763-4D6C-A4EB-48DD91401D3B}.Debug|Any CPU.ActiveCfg = Debug|Any CPU
		{D82D0D07-1763-4D6C-A4EB-48DD91401D3B}.Debug|Any CPU.Build.0 = Debug|Any CPU
		{D82D0D07-1763-4D6C-A4EB-48DD91401D3B}.Release|Any CPU.ActiveCfg = Release|Any CPU
		{D82D0D07-1763-4D6C-A4EB-48DD91401D3B}.Release|Any CPU.Build.0 = Release|Any CPU
		{348861F3-D91F-4D7F-A58D-56B8224EFC8C}.Debug|Any CPU.ActiveCfg = Debug|Any CPU
		{348861F3-D91F-4D7F-A58D-56B8224EFC8C}.Debug|Any CPU.Build.0 = Debug|Any CPU
		{348861F3-D91F-4D7F-A58D-56B8224EFC8C}.Release|Any CPU.ActiveCfg = Release|Any CPU
		{348861F3-D91F-4D7F-A58D-56B8224EFC8C}.Release|Any CPU.Build.0 = Release|Any CPU
		{B370F06F-C31D-4BF5-A789-E2E21AC68C53}.Debug|Any CPU.ActiveCfg = Debug|Any CPU
		{B370F06F-C31D-4BF5-A789-E2E21AC68C53}.Debug|Any CPU.Build.0 = Debug|Any CPU
		{B370F06F-C31D-4BF5-A789-E2E21AC68C53}.Release|Any CPU.ActiveCfg = Release|Any CPU
		{B370F06F-C31D-4BF5-A789-E2E21AC68C53}.Release|Any CPU.Build.0 = Release|Any CPU
	EndGlobalSection
	GlobalSection(SolutionProperties) = preSolution
		HideSolutionNode = FALSE
	EndGlobalSection
	GlobalSection(ExtensibilityGlobals) = postSolution
		SolutionGuid = {FCCFA141-511F-43C7-98CE-F2870E051C9F}
	EndGlobalSection
EndGlobal
